
Microsoft Visual Studio Solution File, Format Version 12.00
# Visual Studio Version 16
VisualStudioVersion = 16.0.30517.126
MinimumVisualStudioVersion = 10.0.40219.1
Project("{FAE04EC0-301F-11D3-BF4B-00C04F79EFBC}") = "perehod", "perehod.csproj", "{34A1B746-B268-4C69-B058-077FC0B1AC25}"
EndProject
Global
	GlobalSection(SolutionConfigurationPlatforms) = preSolution
		Debug|Any CPU = Debug|Any CPU
		Release|Any CPU = Release|Any CPU
	EndGlobalSection
	GlobalSection(ProjectConfigurationPlatforms) = postSolution
		{34A1B746-B268-4C69-B058-077FC0B1AC25}.Debug|Any CPU.ActiveCfg = Debug|Any CPU
		{34A1B746-B268-4C69-B058-077FC0B1AC25}.Debug|Any CPU.Build.0 = Debug|Any CPU
		{34A1B746-B268-4C69-B058-077FC0B1AC25}.Release|Any CPU.ActiveCfg = Release|Any CPU
		{34A1B746-B268-4C69-B058-077FC0B1AC25}.Release|Any CPU.Build.0 = Release|Any CPU
	EndGlobalSection
	GlobalSection(SolutionProperties) = preSolution
		HideSolutionNode = FALSE
	EndGlobalSection
	GlobalSection(ExtensibilityGlobals) = postSolution
		SolutionGuid = {06E787DB-A9BE-46B2-8E59-71E2BEC5298C}
	EndGlobalSection
EndGlobal
